
Microsoft Visual Studio Solution File, Format Version 11.00
# Visual Studio 2010
Project("{FAE04EC0-301F-11D3-BF4B-00C04F79EFBC}") = "Assembly-CSharp", "Assembly-CSharp.csproj", "{5bed3357-f7eb-8d9a-d33d-79af61de23bb}"
EndProject
Global
	GlobalSection(SolutionConfigurationPlatforms) = preSolution
		Debug|Any CPU = Debug|Any CPU
		Release|Any CPU = Release|Any CPU
	EndGlobalSection
	GlobalSection(ProjectConfigurationPlatforms) = postSolution
		{5bed3357-f7eb-8d9a-d33d-79af61de23bb}.Debug|Any CPU.ActiveCfg = Debug|Any CPU
		{5bed3357-f7eb-8d9a-d33d-79af61de23bb}.Debug|Any CPU.Build.0 = Debug|Any CPU
		{5bed3357-f7eb-8d9a-d33d-79af61de23bb}.Release|Any CPU.ActiveCfg = Release|Any CPU
		{5bed3357-f7eb-8d9a-d33d-79af61de23bb}.Release|Any CPU.Build.0 = Release|Any CPU
	EndGlobalSection
	GlobalSection(SolutionProperties) = preSolution
		HideSolutionNode = FALSE
	EndGlobalSection
EndGlobal
